
Microsoft Visual Studio Solution File, Format Version 12.00
# Visual Studio 2012
Project("{FAE04EC0-301F-11D3-BF4B-00C04F79EFBC}") = "MtGox", "MtGox\MtGox.csproj", "{F18565ED-55B3-4018-9C9F-F5A14D1FD62A}"
EndProject
Project("{FAE04EC0-301F-11D3-BF4B-00C04F79EFBC}") = "Sandbox", "Sandbox\Sandbox.csproj", "{38A3DAE1-FAD5-4CCF-A101-9AF362AAF21D}"
EndProject
Project("{2150E333-8FDC-42A3-9474-1A3956D46DE8}") = ".nuget", ".nuget", "{C9D54699-FF53-4702-9261-ED69731C9E23}"
	ProjectSection(SolutionItems) = preProject
		.nuget\NuGet.Config = .nuget\NuGet.Config
		.nuget\NuGet.exe = .nuget\NuGet.exe
		.nuget\NuGet.targets = .nuget\NuGet.targets
	EndProjectSection
EndProject
Global
	GlobalSection(SolutionConfigurationPlatforms) = preSolution
		Debug|Any CPU = Debug|Any CPU
		Debug|x64 = Debug|x64
		Release|Any CPU = Release|Any CPU
		Release|x64 = Release|x64
	EndGlobalSection
	GlobalSection(ProjectConfigurationPlatforms) = postSolution
		{F18565ED-55B3-4018-9C9F-F5A14D1FD62A}.Debug|Any CPU.ActiveCfg = Debug|Any CPU
		{F18565ED-55B3-4018-9C9F-F5A14D1FD62A}.Debug|Any CPU.Build.0 = Debug|Any CPU
		{F18565ED-55B3-4018-9C9F-F5A14D1FD62A}.Debug|x64.ActiveCfg = Debug|Any CPU
		{F18565ED-55B3-4018-9C9F-F5A14D1FD62A}.Release|Any CPU.ActiveCfg = Release|Any CPU
		{F18565ED-55B3-4018-9C9F-F5A14D1FD62A}.Release|Any CPU.Build.0 = Release|Any CPU
		{F18565ED-55B3-4018-9C9F-F5A14D1FD62A}.Release|x64.ActiveCfg = Release|Any CPU
		{38A3DAE1-FAD5-4CCF-A101-9AF362AAF21D}.Debug|Any CPU.ActiveCfg = Debug|Any CPU
		{38A3DAE1-FAD5-4CCF-A101-9AF362AAF21D}.Debug|Any CPU.Build.0 = Debug|Any CPU
		{38A3DAE1-FAD5-4CCF-A101-9AF362AAF21D}.Debug|x64.ActiveCfg = Debug|Any CPU
		{38A3DAE1-FAD5-4CCF-A101-9AF362AAF21D}.Release|Any CPU.ActiveCfg = Release|Any CPU
		{38A3DAE1-FAD5-4CCF-A101-9AF362AAF21D}.Release|Any CPU.Build.0 = Release|Any CPU
		{38A3DAE1-FAD5-4CCF-A101-9AF362AAF21D}.Release|x64.ActiveCfg = Release|Any CPU
	EndGlobalSection
	GlobalSection(SolutionProperties) = preSolution
		HideSolutionNode = FALSE
	EndGlobalSection
EndGlobal
